<?xml version="1.0" encoding="utf-8"?>
<Project ToolsVersion="4.0" xmlns="http://schemas.microsoft.com/developer/msbuild/2003">
  <ItemGroup>
    <ClInclude Include="IOCPHandler.h" />
    <ClInclude Include="SecureQueue.h">
      <Filter>Utility</Filter>
    </ClInclude>
    <ClInclude Include="StaticPool.h">
      <Filter>Utility</Filter>
    </ClInclude>
    <ClInclude Include="NetworkManager.h">
      <Filter>Network</Filter>
    </ClInclude>
    <ClInclude Include="NetworkPacket.h">
      <Filter>Network</Filter>
    </ClInclude>
    <ClInclude Include="NetworkContext.h">
      <Filter>Network</Filter>
    </ClInclude>
    <ClInclude Include="NetworkClient.h">
      <Filter>Network\Client</Filter>
    </ClInclude>
    <ClInclude Include="ListenClient.h">
      <Filter>Network\Client</Filter>
    </ClInclude>
    <ClInclude Include="ServerApp.h" />
    <ClInclude Include="SimpleCore.h" />
    <ClInclude Include="Singleton.h">
      <Filter>Utility</Filter>
    </ClInclude>
  </ItemGroup>
  <ItemGroup>
    <ClCompile Include="IOCPHandler.cpp" />
    <ClCompile Include="NetworkManager.cpp">
      <Filter>Network</Filter>
    </ClCompile>
    <ClCompile Include="NetworkClient.cpp">
      <Filter>Network\Client</Filter>
    </ClCompile>
    <ClCompile Include="ListenClient.cpp">
      <Filter>Network\Client</Filter>
    </ClCompile>
    <ClCompile Include="ServerApp.cpp" />
    <ClCompile Include="NetworkContext.cpp">
      <Filter>Network</Filter>
    </ClCompile>
    <ClCompile Include="SimpleCore.cpp" />
  </ItemGroup>
  <ItemGroup>
    <Filter Include="Utility">
      <UniqueIdentifier>{b7446e22-dca8-4210-8fa8-c232ea65bbc1}</UniqueIdentifier>
    </Filter>
    <Filter Include="Network">
      <UniqueIdentifier>{e54d0270-8481-4d68-8bda-e4604887270a}</UniqueIdentifier>
    </Filter>
    <Filter Include="Network\Client">
      <UniqueIdentifier>{1cca48c5-d37f-4c23-9960-4d74a4f6feaf}</UniqueIdentifier>
    </Filter>
  </ItemGroup>
</Project>