<?xml version="1.0" encoding="utf-8"?>
<Project ToolsVersion="4.0" xmlns="http://schemas.microsoft.com/developer/msbuild/2003">
  <ItemGroup>
    <ClInclude Include="NetworkPacket.h" />
    <ClInclude Include="IOCPHandler.h" />
    <ClInclude Include="NetworkClient.h" />
    <ClInclude Include="NetworkContext.h" />
  </ItemGroup>
  <ItemGroup>
    <ClCompile Include="IOCPHandler.cpp" />
    <ClCompile Include="NetworkClient.cpp" />
  </ItemGroup>
</Project>