<?xml version="1.0" encoding="utf-8"?>
<Project ToolsVersion="4.0" xmlns="http://schemas.microsoft.com/developer/msbuild/2003">
  <ItemGroup>
    <Filter Include="ServerNetwork">
      <UniqueIdentifier>{216e0929-06ab-46a3-9d8d-9af1a9a99b93}</UniqueIdentifier>
    </Filter>
  </ItemGroup>
  <ItemGroup>
    <ClInclude Include="Define.h">
      <Filter>ServerNetwork</Filter>
    </ClInclude>
    <ClInclude Include="NetworkClient.h">
      <Filter>ServerNetwork</Filter>
    </ClInclude>
    <ClInclude Include="IOCPServer.h">
      <Filter>ServerNetwork</Filter>
    </ClInclude>
  </ItemGroup>
</Project>